
Microsoft Visual Studio Solution File, Format Version 12.00
# Visual Studio 11
Project("{FAE04EC0-301F-11D3-BF4B-00C04F79EFBC}") = "WoWHeadParser", "WoWHeadParser\WoWHeadParser.csproj", "{0BD8D6AC-696B-444C-89CD-3FC736F63D30}"
EndProject
Global
	GlobalSection(SolutionConfigurationPlatforms) = preSolution
		Debug|Any CPU = Debug|Any CPU
		Release|Any CPU = Release|Any CPU
	EndGlobalSection
	GlobalSection(ProjectConfigurationPlatforms) = postSolution
		{0BD8D6AC-696B-444C-89CD-3FC736F63D30}.Debug|Any CPU.ActiveCfg = Debug|Any CPU
		{0BD8D6AC-696B-444C-89CD-3FC736F63D30}.Debug|Any CPU.Build.0 = Debug|Any CPU
		{0BD8D6AC-696B-444C-89CD-3FC736F63D30}.Release|Any CPU.ActiveCfg = Release|Any CPU
		{0BD8D6AC-696B-444C-89CD-3FC736F63D30}.Release|Any CPU.Build.0 = Release|Any CPU
	EndGlobalSection
	GlobalSection(SolutionProperties) = preSolution
		HideSolutionNode = FALSE
	EndGlobalSection
EndGlobal
