
Microsoft Visual Studio Solution File, Format Version 12.00
# Visual Studio 2012
Project("{FAE04EC0-301F-11D3-BF4B-00C04F79EFBC}") = "WoWHeadParser", "WoWHeadParser\WoWHeadParser.csproj", "{0BD8D6AC-696B-444C-89CD-3FC736F63D30}"
EndProject
Global
	GlobalSection(SolutionConfigurationPlatforms) = preSolution
		Debug|x86 = Debug|x86
		Release|x86 = Release|x86
	EndGlobalSection
	GlobalSection(ProjectConfigurationPlatforms) = postSolution
		{0BD8D6AC-696B-444C-89CD-3FC736F63D30}.Debug|x86.ActiveCfg = Debug|Any CPU
		{0BD8D6AC-696B-444C-89CD-3FC736F63D30}.Debug|x86.Build.0 = Debug|Any CPU
		{0BD8D6AC-696B-444C-89CD-3FC736F63D30}.Release|x86.ActiveCfg = Release|Any CPU
		{0BD8D6AC-696B-444C-89CD-3FC736F63D30}.Release|x86.Build.0 = Release|Any CPU
	EndGlobalSection
	GlobalSection(SolutionProperties) = preSolution
		HideSolutionNode = FALSE
	EndGlobalSection
EndGlobal
